
Microsoft Visual Studio Solution File, Format Version 12.00
# Visual Studio Version 17
VisualStudioVersion = 17.2.32616.157
MinimumVisualStudioVersion = 10.0.40219.1
Project("{9A19103F-16F7-4668-BE54-9A1E7A4F7556}") = "UserManagement.API", "UserManagementAPI\UserManagement.API.csproj", "{9489DD36-E83D-44C3-B390-A646D2ECB437}"
EndProject
Project("{FAE04EC0-301F-11D3-BF4B-00C04F79EFBC}") = "UserManagement.Core", "UserManagement.Core\UserManagement.Core.csproj", "{A4F15EC8-86A5-44CD-A328-8F2DEFE330EF}"
EndProject
Project("{FAE04EC0-301F-11D3-BF4B-00C04F79EFBC}") = "UserManagement.Infrastructure", "UserManagement.Infrastructure\UserManagement.Infrastructure.csproj", "{1FDB954F-AE7C-4779-B273-CBDEEAAFCEBE}"
EndProject
Global
	GlobalSection(SolutionConfigurationPlatforms) = preSolution
		Debug|Any CPU = Debug|Any CPU
		Release|Any CPU = Release|Any CPU
	EndGlobalSection
	GlobalSection(ProjectConfigurationPlatforms) = postSolution
		{9489DD36-E83D-44C3-B390-A646D2ECB437}.Debug|Any CPU.ActiveCfg = Debug|Any CPU
		{9489DD36-E83D-44C3-B390-A646D2ECB437}.Debug|Any CPU.Build.0 = Debug|Any CPU
		{9489DD36-E83D-44C3-B390-A646D2ECB437}.Release|Any CPU.ActiveCfg = Release|Any CPU
		{9489DD36-E83D-44C3-B390-A646D2ECB437}.Release|Any CPU.Build.0 = Release|Any CPU
		{A4F15EC8-86A5-44CD-A328-8F2DEFE330EF}.Debug|Any CPU.ActiveCfg = Debug|Any CPU
		{A4F15EC8-86A5-44CD-A328-8F2DEFE330EF}.Debug|Any CPU.Build.0 = Debug|Any CPU
		{A4F15EC8-86A5-44CD-A328-8F2DEFE330EF}.Release|Any CPU.ActiveCfg = Release|Any CPU
		{A4F15EC8-86A5-44CD-A328-8F2DEFE330EF}.Release|Any CPU.Build.0 = Release|Any CPU
		{1FDB954F-AE7C-4779-B273-CBDEEAAFCEBE}.Debug|Any CPU.ActiveCfg = Debug|Any CPU
		{1FDB954F-AE7C-4779-B273-CBDEEAAFCEBE}.Debug|Any CPU.Build.0 = Debug|Any CPU
		{1FDB954F-AE7C-4779-B273-CBDEEAAFCEBE}.Release|Any CPU.ActiveCfg = Release|Any CPU
		{1FDB954F-AE7C-4779-B273-CBDEEAAFCEBE}.Release|Any CPU.Build.0 = Release|Any CPU
	EndGlobalSection
	GlobalSection(SolutionProperties) = preSolution
		HideSolutionNode = FALSE
	EndGlobalSection
	GlobalSection(ExtensibilityGlobals) = postSolution
		SolutionGuid = {8E3E0AA1-F8F2-481E-9DA4-3B0FC9B6B35E}
	EndGlobalSection
EndGlobal
